
Microsoft Visual Studio Solution File, Format Version 12.00
# Visual Studio Version 17
VisualStudioVersion = 17.1.32228.430
MinimumVisualStudioVersion = 10.0.40219.1
Project("{FAE04EC0-301F-11D3-BF4B-00C04F79EFBC}") = "ConsoleApp1", "ConsoleApp1\ConsoleApp1.csproj", "{89B8A09D-42A5-4663-ADE4-0239F10CC78B}"
EndProject
Global
	GlobalSection(SolutionConfigurationPlatforms) = preSolution
		Debug|Any CPU = Debug|Any CPU
		Release|Any CPU = Release|Any CPU
	EndGlobalSection
	GlobalSection(ProjectConfigurationPlatforms) = postSolution
		{89B8A09D-42A5-4663-ADE4-0239F10CC78B}.Debug|Any CPU.ActiveCfg = Debug|Any CPU
		{89B8A09D-42A5-4663-ADE4-0239F10CC78B}.Debug|Any CPU.Build.0 = Debug|Any CPU
		{89B8A09D-42A5-4663-ADE4-0239F10CC78B}.Release|Any CPU.ActiveCfg = Release|Any CPU
		{89B8A09D-42A5-4663-ADE4-0239F10CC78B}.Release|Any CPU.Build.0 = Release|Any CPU
	EndGlobalSection
	GlobalSection(SolutionProperties) = preSolution
		HideSolutionNode = FALSE
	EndGlobalSection
	GlobalSection(ExtensibilityGlobals) = postSolution
		SolutionGuid = {AA7F0D1B-5007-4A6D-A083-D0F6EACDAF38}
	EndGlobalSection
EndGlobal
